# Generated by pub
# See https://dart.dev/tools/pub/glossary#lockfile
packages:
  async:
    dependency: transitive
    description:
      name: async
      sha256: "758e6d4f3b5c7f2f6f1b3f9a4a4d4b6f1b0e6e6f4e0d4a8a5c6b7d8e9f0a1b2c"
      url: "https://pub.dev"
    source: hosted
    version: "2.13.0"
  device_preview:
    dependency: "direct main"
    description:
      name: device_preview
      sha256: "7d5a7e4e8f7d5f2b7f7b5c4d3a2f1e0d9c8b7a6f5e4d3c2b1a0f9e8d7c6b5a4"
      url: "https://pub.dev"
    source: hosted
    version: "1.2.0"
  device_frame:
    dependency: transitive
    description:
      name: device_frame
      sha256: "b7b5f1f1a5c5f5a0f4e9c2a1b8d7e6f5c4b3a2d1e0f9a8b7c6d5e4f3a2b1c0d"
      url: "https://pub.dev"
    source: hosted
    version: "1.4.0"
  flutter:
    dependency: "direct main"
    description: flutter
    source: sdk
    version: "0.0.0"
  flutter_lints:
    dependency: "direct dev"
    description:
      name: flutter_lints
      sha256: "b5433010dff1b7b0b2e8e0d4e3c2b1a0f9e8d7c6b5a4f3e2d1c0b9a8f7e6d5c4"
      url: "https://pub.dev"
    source: hosted
    version: "3.0.2"
  flutter_test:
    dependency: "direct dev"
    description: flutter
    source: sdk
    version: "0.0.0"
  boolean_selector:
    dependency: transitive
    description:
      name: boolean_selector
      sha256: "b5a8f3d0c6e1b7a2f9d4c8e0a1b3f5d7e9c2a4b6d8f0e1c3b5a7d9f2e4c6b8a0"
      url: "https://pub.dev"
    source: hosted
    version: "2.1.2"
  collection:
    dependency: transitive
    description:
      name: collection
      sha256: "2a3b4c5d6e7f8091a2b3c4d5e6f708192a3b4c5d6e7f8091a2b3c4d5e6f70819"
      url: "https://pub.dev"
    source: hosted
    version: "1.19.1"
  cupertino_icons:
    dependency: transitive
    description:
      name: cupertino_icons
      sha256: "8f7e6d5c4b3a29181716151413121110ffeeddccbbaa99887766554433221100"
      url: "https://pub.dev"
    source: hosted
    version: "1.0.8"
sdks:
  dart: ">=3.0.0 <4.0.0"
  flutter: ">=3.0.0"
